// !$*UTF8*$!
{
	archiveVersion = 1;
	classes = {
	};
	objectVersion = 51;
	objects = {

/* Begin PBXBuildFile section */
		1E5AD0C4C3B171AAB7B0AD29 /* Pods_CRAWLR.framework in Frameworks */ = {isa = PBXBuildFile; fileRef = 543B5F630308AB085FD4B543 /* Pods_CRAWLR.framework */; };
		59266FA624526669003640B2 /* SearchCell.swift in Sources */ = {isa = PBXBuildFile; fileRef = 59266FA524526669003640B2 /* SearchCell.swift */; };
		59266FA824536603003640B2 /* CustomNavController.swift in Sources */ = {isa = PBXBuildFile; fileRef = 59266FA724536603003640B2 /* CustomNavController.swift */; };
		59266FAA245375AB003640B2 /* DetailedBusinessInfoViewController.swift in Sources */ = {isa = PBXBuildFile; fileRef = 59266FA9245375AA003640B2 /* DetailedBusinessInfoViewController.swift */; };
		5935107C23F613BA001761B8 /* SignUp2ViewController.swift in Sources */ = {isa = PBXBuildFile; fileRef = 5935107B23F613BA001761B8 /* SignUp2ViewController.swift */; };
		59A9F42C244D22D100FC10C4 /* EstimatedBACViewController.swift in Sources */ = {isa = PBXBuildFile; fileRef = 59A9F42B244D22D100FC10C4 /* EstimatedBACViewController.swift */; };
		59A9F42E244F711900FC10C4 /* DrinkingHistoryViewController.swift in Sources */ = {isa = PBXBuildFile; fileRef = 59A9F42D244F711900FC10C4 /* DrinkingHistoryViewController.swift */; };
		59A9F430244F77E900FC10C4 /* DayCell.swift in Sources */ = {isa = PBXBuildFile; fileRef = 59A9F42F244F77E900FC10C4 /* DayCell.swift */; };
		59A9F432244F956E00FC10C4 /* DrinkCell.swift in Sources */ = {isa = PBXBuildFile; fileRef = 59A9F431244F956E00FC10C4 /* DrinkCell.swift */; };
		59A9F43424515EE900FC10C4 /* SearchViewController.swift in Sources */ = {isa = PBXBuildFile; fileRef = 59A9F43324515EE800FC10C4 /* SearchViewController.swift */; };
		59AC50A224063906007F0C9C /* GoogleService-Info.plist in Resources */ = {isa = PBXBuildFile; fileRef = 59AC50A124063906007F0C9C /* GoogleService-Info.plist */; };
		59E7A3CE23F4AC8E00B42135 /* SignUpViewController.swift in Sources */ = {isa = PBXBuildFile; fileRef = 59E7A3CD23F4AC8E00B42135 /* SignUpViewController.swift */; };
		E4EB0450240860110096B39A /* DashboardViewController.swift in Sources */ = {isa = PBXBuildFile; fileRef = E4EB044F240860110096B39A /* DashboardViewController.swift */; };
		E62A9A19F6C5A7087DD749C0 /* Pods_CRAWLRTests.framework in Frameworks */ = {isa = PBXBuildFile; fileRef = B028A335A34AC63E74462CBD /* Pods_CRAWLRTests.framework */; };
		E84257C32451812D0071D865 /* SessionManager+CrawlrCustom.swift in Sources */ = {isa = PBXBuildFile; fileRef = E84257C22451812D0071D865 /* SessionManager+CrawlrCustom.swift */; };
		E84257C5245181700071D865 /* Encodable+CrawlrCustom.swift in Sources */ = {isa = PBXBuildFile; fileRef = E84257C4245181700071D865 /* Encodable+CrawlrCustom.swift */; };
		E874CE9D245145D00026C4A6 /* ApiHelper.swift in Sources */ = {isa = PBXBuildFile; fileRef = E874CE9C245145D00026C4A6 /* ApiHelper.swift */; };
		E874CE9F245148B80026C4A6 /* ApiModels.swift in Sources */ = {isa = PBXBuildFile; fileRef = E874CE9E245148B80026C4A6 /* ApiModels.swift */; };
		E874CEA1245151570026C4A6 /* ApiResponses.swift in Sources */ = {isa = PBXBuildFile; fileRef = E874CEA0245151570026C4A6 /* ApiResponses.swift */; };
		E874CEA3245161B10026C4A6 /* DataResponse+CrawlrCustom.swift in Sources */ = {isa = PBXBuildFile; fileRef = E874CEA2245161B10026C4A6 /* DataResponse+CrawlrCustom.swift */; };
		E88BF6C723F340A60084435A /* AppDelegate.swift in Sources */ = {isa = PBXBuildFile; fileRef = E88BF6C623F340A60084435A /* AppDelegate.swift */; };
		E88BF6C923F340A60084435A /* SceneDelegate.swift in Sources */ = {isa = PBXBuildFile; fileRef = E88BF6C823F340A60084435A /* SceneDelegate.swift */; };
		E88BF6CB23F340A60084435A /* ViewController.swift in Sources */ = {isa = PBXBuildFile; fileRef = E88BF6CA23F340A60084435A /* ViewController.swift */; };
		E88BF6D023F340A90084435A /* Assets.xcassets in Resources */ = {isa = PBXBuildFile; fileRef = E88BF6CF23F340A90084435A /* Assets.xcassets */; };
		E88BF6D323F340A90084435A /* LaunchScreen.storyboard in Resources */ = {isa = PBXBuildFile; fileRef = E88BF6D123F340A90084435A /* LaunchScreen.storyboard */; };
		E88BF6DE23F340AA0084435A /* CRAWLRTests.swift in Sources */ = {isa = PBXBuildFile; fileRef = E88BF6DD23F340AA0084435A /* CRAWLRTests.swift */; };
		E88BF6E923F340AA0084435A /* CRAWLRUITests.swift in Sources */ = {isa = PBXBuildFile; fileRef = E88BF6E823F340AA0084435A /* CRAWLRUITests.swift */; };
		E88BF6F723F348A40084435A /* Main.storyboard in Resources */ = {isa = PBXBuildFile; fileRef = E88BF6F623F348A40084435A /* Main.storyboard */; };
		E88BF6F923F34D400084435A /* LoginViewController.swift in Sources */ = {isa = PBXBuildFile; fileRef = E88BF6F823F34D400084435A /* LoginViewController.swift */; };
/* End PBXBuildFile section */

/* Begin PBXContainerItemProxy section */
		E88BF6DA23F340AA0084435A /* PBXContainerItemProxy */ = {
			isa = PBXContainerItemProxy;
			containerPortal = E88BF6BB23F340A60084435A /* Project object */;
			proxyType = 1;
			remoteGlobalIDString = E88BF6C223F340A60084435A;
			remoteInfo = CRAWLR;
		};
		E88BF6E523F340AA0084435A /* PBXContainerItemProxy */ = {
			isa = PBXContainerItemProxy;
			containerPortal = E88BF6BB23F340A60084435A /* Project object */;
			proxyType = 1;
			remoteGlobalIDString = E88BF6C223F340A60084435A;
			remoteInfo = CRAWLR;
		};
/* End PBXContainerItemProxy section */

/* Begin PBXFileReference section */
		370CEEA9870DAB0C25B87EBC /* Pods-CRAWLR.release.xcconfig */ = {isa = PBXFileReference; includeInIndex = 1; lastKnownFileType = text.xcconfig; name = "Pods-CRAWLR.release.xcconfig"; path = "Pods/Target Support Files/Pods-CRAWLR/Pods-CRAWLR.release.xcconfig"; sourceTree = "<group>"; };
		4129C0C8FCB5B23D790983BF /* Pods-CRAWLRTests.debug.xcconfig */ = {isa = PBXFileReference; includeInIndex = 1; lastKnownFileType = text.xcconfig; name = "Pods-CRAWLRTests.debug.xcconfig"; path = "Pods/Target Support Files/Pods-CRAWLRTests/Pods-CRAWLRTests.debug.xcconfig"; sourceTree = "<group>"; };
		543B5F630308AB085FD4B543 /* Pods_CRAWLR.framework */ = {isa = PBXFileReference; explicitFileType = wrapper.framework; includeInIndex = 0; path = Pods_CRAWLR.framework; sourceTree = BUILT_PRODUCTS_DIR; };
		59266FA524526669003640B2 /* SearchCell.swift */ = {isa = PBXFileReference; lastKnownFileType = sourcecode.swift; path = SearchCell.swift; sourceTree = "<group>"; };
		59266FA724536603003640B2 /* CustomNavController.swift */ = {isa = PBXFileReference; lastKnownFileType = sourcecode.swift; path = CustomNavController.swift; sourceTree = "<group>"; };
		59266FA9245375AA003640B2 /* DetailedBusinessInfoViewController.swift */ = {isa = PBXFileReference; lastKnownFileType = sourcecode.swift; path = DetailedBusinessInfoViewController.swift; sourceTree = "<group>"; };
		5935107B23F613BA001761B8 /* SignUp2ViewController.swift */ = {isa = PBXFileReference; lastKnownFileType = sourcecode.swift; path = SignUp2ViewController.swift; sourceTree = "<group>"; };
		59A9F42B244D22D100FC10C4 /* EstimatedBACViewController.swift */ = {isa = PBXFileReference; lastKnownFileType = sourcecode.swift; path = EstimatedBACViewController.swift; sourceTree = "<group>"; };
		59A9F42D244F711900FC10C4 /* DrinkingHistoryViewController.swift */ = {isa = PBXFileReference; lastKnownFileType = sourcecode.swift; path = DrinkingHistoryViewController.swift; sourceTree = "<group>"; };
		59A9F42F244F77E900FC10C4 /* DayCell.swift */ = {isa = PBXFileReference; lastKnownFileType = sourcecode.swift; path = DayCell.swift; sourceTree = "<group>"; };
		59A9F431244F956E00FC10C4 /* DrinkCell.swift */ = {isa = PBXFileReference; lastKnownFileType = sourcecode.swift; path = DrinkCell.swift; sourceTree = "<group>"; };
		59A9F43324515EE800FC10C4 /* SearchViewController.swift */ = {isa = PBXFileReference; lastKnownFileType = sourcecode.swift; path = SearchViewController.swift; sourceTree = "<group>"; };
		59AC50A124063906007F0C9C /* GoogleService-Info.plist */ = {isa = PBXFileReference; lastKnownFileType = text.plist.xml; path = "GoogleService-Info.plist"; sourceTree = "<group>"; };
		59E7A3CD23F4AC8E00B42135 /* SignUpViewController.swift */ = {isa = PBXFileReference; lastKnownFileType = sourcecode.swift; path = SignUpViewController.swift; sourceTree = "<group>"; };
		91E830F04BEE61E25A352280 /* Pods-CRAWLR.debug.xcconfig */ = {isa = PBXFileReference; includeInIndex = 1; lastKnownFileType = text.xcconfig; name = "Pods-CRAWLR.debug.xcconfig"; path = "Pods/Target Support Files/Pods-CRAWLR/Pods-CRAWLR.debug.xcconfig"; sourceTree = "<group>"; };
		B028A335A34AC63E74462CBD /* Pods_CRAWLRTests.framework */ = {isa = PBXFileReference; explicitFileType = wrapper.framework; includeInIndex = 0; path = Pods_CRAWLRTests.framework; sourceTree = BUILT_PRODUCTS_DIR; };
		E4EB044F240860110096B39A /* DashboardViewController.swift */ = {isa = PBXFileReference; lastKnownFileType = sourcecode.swift; path = DashboardViewController.swift; sourceTree = "<group>"; };
		E84257C22451812D0071D865 /* SessionManager+CrawlrCustom.swift */ = {isa = PBXFileReference; lastKnownFileType = sourcecode.swift; path = "SessionManager+CrawlrCustom.swift"; sourceTree = "<group>"; };
		E84257C4245181700071D865 /* Encodable+CrawlrCustom.swift */ = {isa = PBXFileReference; lastKnownFileType = sourcecode.swift; path = "Encodable+CrawlrCustom.swift"; sourceTree = "<group>"; };
		E874CE9C245145D00026C4A6 /* ApiHelper.swift */ = {isa = PBXFileReference; lastKnownFileType = sourcecode.swift; path = ApiHelper.swift; sourceTree = "<group>"; };
		E874CE9E245148B80026C4A6 /* ApiModels.swift */ = {isa = PBXFileReference; lastKnownFileType = sourcecode.swift; path = ApiModels.swift; sourceTree = "<group>"; };
		E874CEA0245151570026C4A6 /* ApiResponses.swift */ = {isa = PBXFileReference; lastKnownFileType = sourcecode.swift; path = ApiResponses.swift; sourceTree = "<group>"; };
		E874CEA2245161B10026C4A6 /* DataResponse+CrawlrCustom.swift */ = {isa = PBXFileReference; lastKnownFileType = sourcecode.swift; path = "DataResponse+CrawlrCustom.swift"; sourceTree = "<group>"; };
		E88BF6C323F340A60084435A /* CRAWLR.app */ = {isa = PBXFileReference; explicitFileType = wrapper.application; includeInIndex = 0; path = CRAWLR.app; sourceTree = BUILT_PRODUCTS_DIR; };
		E88BF6C623F340A60084435A /* AppDelegate.swift */ = {isa = PBXFileReference; lastKnownFileType = sourcecode.swift; path = AppDelegate.swift; sourceTree = "<group>"; };
		E88BF6C823F340A60084435A /* SceneDelegate.swift */ = {isa = PBXFileReference; lastKnownFileType = sourcecode.swift; path = SceneDelegate.swift; sourceTree = "<group>"; };
		E88BF6CA23F340A60084435A /* ViewController.swift */ = {isa = PBXFileReference; lastKnownFileType = sourcecode.swift; path = ViewController.swift; sourceTree = "<group>"; };
		E88BF6CF23F340A90084435A /* Assets.xcassets */ = {isa = PBXFileReference; lastKnownFileType = folder.assetcatalog; path = Assets.xcassets; sourceTree = "<group>"; };
		E88BF6D223F340A90084435A /* Base */ = {isa = PBXFileReference; lastKnownFileType = file.storyboard; name = Base; path = Base.lproj/LaunchScreen.storyboard; sourceTree = "<group>"; };
		E88BF6D423F340A90084435A /* Info.plist */ = {isa = PBXFileReference; lastKnownFileType = text.plist.xml; path = Info.plist; sourceTree = "<group>"; };
		E88BF6D923F340AA0084435A /* CRAWLRTests.xctest */ = {isa = PBXFileReference; explicitFileType = wrapper.cfbundle; includeInIndex = 0; path = CRAWLRTests.xctest; sourceTree = BUILT_PRODUCTS_DIR; };
		E88BF6DD23F340AA0084435A /* CRAWLRTests.swift */ = {isa = PBXFileReference; lastKnownFileType = sourcecode.swift; path = CRAWLRTests.swift; sourceTree = "<group>"; };
		E88BF6DF23F340AA0084435A /* Info.plist */ = {isa = PBXFileReference; lastKnownFileType = text.plist.xml; path = Info.plist; sourceTree = "<group>"; };
		E88BF6E423F340AA0084435A /* CRAWLRUITests.xctest */ = {isa = PBXFileReference; explicitFileType = wrapper.cfbundle; includeInIndex = 0; path = CRAWLRUITests.xctest; sourceTree = BUILT_PRODUCTS_DIR; };
		E88BF6E823F340AA0084435A /* CRAWLRUITests.swift */ = {isa = PBXFileReference; lastKnownFileType = sourcecode.swift; path = CRAWLRUITests.swift; sourceTree = "<group>"; };
		E88BF6EA23F340AA0084435A /* Info.plist */ = {isa = PBXFileReference; lastKnownFileType = text.plist.xml; path = Info.plist; sourceTree = "<group>"; };
		E88BF6F623F348A40084435A /* Main.storyboard */ = {isa = PBXFileReference; fileEncoding = 4; lastKnownFileType = file.storyboard; path = Main.storyboard; sourceTree = "<group>"; };
		E88BF6F823F34D400084435A /* LoginViewController.swift */ = {isa = PBXFileReference; lastKnownFileType = sourcecode.swift; path = LoginViewController.swift; sourceTree = "<group>"; };
		ED1A7A48D626A393F7F196E5 /* Pods-CRAWLRTests.release.xcconfig */ = {isa = PBXFileReference; includeInIndex = 1; lastKnownFileType = text.xcconfig; name = "Pods-CRAWLRTests.release.xcconfig"; path = "Pods/Target Support Files/Pods-CRAWLRTests/Pods-CRAWLRTests.release.xcconfig"; sourceTree = "<group>"; };
/* End PBXFileReference section */

/* Begin PBXFrameworksBuildPhase section */
		E88BF6C023F340A60084435A /* Frameworks */ = {
			isa = PBXFrameworksBuildPhase;
			buildActionMask = 2147483647;
			files = (
				1E5AD0C4C3B171AAB7B0AD29 /* Pods_CRAWLR.framework in Frameworks */,
			);
			runOnlyForDeploymentPostprocessing = 0;
		};
		E88BF6D623F340AA0084435A /* Frameworks */ = {
			isa = PBXFrameworksBuildPhase;
			buildActionMask = 2147483647;
			files = (
				E62A9A19F6C5A7087DD749C0 /* Pods_CRAWLRTests.framework in Frameworks */,
			);
			runOnlyForDeploymentPostprocessing = 0;
		};
		E88BF6E123F340AA0084435A /* Frameworks */ = {
			isa = PBXFrameworksBuildPhase;
			buildActionMask = 2147483647;
			files = (
			);
			runOnlyForDeploymentPostprocessing = 0;
		};
/* End PBXFrameworksBuildPhase section */

/* Begin PBXGroup section */
		2962888DA7E29DD021A92E75 /* Frameworks */ = {
			isa = PBXGroup;
			children = (
				543B5F630308AB085FD4B543 /* Pods_CRAWLR.framework */,
				B028A335A34AC63E74462CBD /* Pods_CRAWLRTests.framework */,
			);
			name = Frameworks;
			sourceTree = "<group>";
		};
		AB294E73082426C1B0B3767D /* Pods */ = {
			isa = PBXGroup;
			children = (
				91E830F04BEE61E25A352280 /* Pods-CRAWLR.debug.xcconfig */,
				370CEEA9870DAB0C25B87EBC /* Pods-CRAWLR.release.xcconfig */,
				4129C0C8FCB5B23D790983BF /* Pods-CRAWLRTests.debug.xcconfig */,
				ED1A7A48D626A393F7F196E5 /* Pods-CRAWLRTests.release.xcconfig */,
			);
			name = Pods;
			sourceTree = "<group>";
		};
		E874CE9B245145A30026C4A6 /* API */ = {
			isa = PBXGroup;
			children = (
				E874CE9C245145D00026C4A6 /* ApiHelper.swift */,
				E874CE9E245148B80026C4A6 /* ApiModels.swift */,
				E874CEA0245151570026C4A6 /* ApiResponses.swift */,
				E874CEA2245161B10026C4A6 /* DataResponse+CrawlrCustom.swift */,
				E84257C22451812D0071D865 /* SessionManager+CrawlrCustom.swift */,
				E84257C4245181700071D865 /* Encodable+CrawlrCustom.swift */,
			);
			path = API;
			sourceTree = "<group>";
		};
		E88BF6BA23F340A60084435A = {
			isa = PBXGroup;
			children = (
				E88BF6C523F340A60084435A /* CRAWLR */,
				E88BF6DC23F340AA0084435A /* CRAWLRTests */,
				E88BF6E723F340AA0084435A /* CRAWLRUITests */,
				E88BF6C423F340A60084435A /* Products */,
				AB294E73082426C1B0B3767D /* Pods */,
				2962888DA7E29DD021A92E75 /* Frameworks */,
			);
			sourceTree = "<group>";
		};
		E88BF6C423F340A60084435A /* Products */ = {
			isa = PBXGroup;
			children = (
				E88BF6C323F340A60084435A /* CRAWLR.app */,
				E88BF6D923F340AA0084435A /* CRAWLRTests.xctest */,
				E88BF6E423F340AA0084435A /* CRAWLRUITests.xctest */,
			);
			name = Products;
			sourceTree = "<group>";
		};
		E88BF6C523F340A60084435A /* CRAWLR */ = {
			isa = PBXGroup;
			children = (
				E874CE9B245145A30026C4A6 /* API */,
				E88BF6C623F340A60084435A /* AppDelegate.swift */,
				E88BF6C823F340A60084435A /* SceneDelegate.swift */,
				E88BF6CA23F340A60084435A /* ViewController.swift */,
				E88BF6F623F348A40084435A /* Main.storyboard */,
				E88BF6CF23F340A90084435A /* Assets.xcassets */,
				E88BF6D123F340A90084435A /* LaunchScreen.storyboard */,
				E88BF6D423F340A90084435A /* Info.plist */,
				59AC50A124063906007F0C9C /* GoogleService-Info.plist */,
				E88BF6F823F34D400084435A /* LoginViewController.swift */,
				59E7A3CD23F4AC8E00B42135 /* SignUpViewController.swift */,
				5935107B23F613BA001761B8 /* SignUp2ViewController.swift */,
				E4EB044F240860110096B39A /* DashboardViewController.swift */,
				59A9F43324515EE800FC10C4 /* SearchViewController.swift */,
				59A9F42B244D22D100FC10C4 /* EstimatedBACViewController.swift */,
				59A9F42D244F711900FC10C4 /* DrinkingHistoryViewController.swift */,
				59A9F42F244F77E900FC10C4 /* DayCell.swift */,
				59A9F431244F956E00FC10C4 /* DrinkCell.swift */,
				59266FA524526669003640B2 /* SearchCell.swift */,
				59266FA724536603003640B2 /* CustomNavController.swift */,
				59266FA9245375AA003640B2 /* DetailedBusinessInfoViewController.swift */,
			);
			path = CRAWLR;
			sourceTree = "<group>";
		};
		E88BF6DC23F340AA0084435A /* CRAWLRTests */ = {
			isa = PBXGroup;
			children = (
				E88BF6DD23F340AA0084435A /* CRAWLRTests.swift */,
				E88BF6DF23F340AA0084435A /* Info.plist */,
			);
			path = CRAWLRTests;
			sourceTree = "<group>";
		};
		E88BF6E723F340AA0084435A /* CRAWLRUITests */ = {
			isa = PBXGroup;
			children = (
				E88BF6E823F340AA0084435A /* CRAWLRUITests.swift */,
				E88BF6EA23F340AA0084435A /* Info.plist */,
			);
			path = CRAWLRUITests;
			sourceTree = "<group>";
		};
/* End PBXGroup section */

/* Begin PBXNativeTarget section */
		E88BF6C223F340A60084435A /* CRAWLR */ = {
			isa = PBXNativeTarget;
			buildConfigurationList = E88BF6ED23F340AA0084435A /* Build configuration list for PBXNativeTarget "CRAWLR" */;
			buildPhases = (
				191D7C57EB3F5AF01D461914 /* [CP] Check Pods Manifest.lock */,
				E88BF6BF23F340A60084435A /* Sources */,
				E88BF6C023F340A60084435A /* Frameworks */,
				E88BF6C123F340A60084435A /* Resources */,
				9866E0ED44DCE9A2D3590EC9 /* [CP] Embed Pods Frameworks */,
			);
			buildRules = (
			);
			dependencies = (
			);
			name = CRAWLR;
			productName = CRAWLR;
			productReference = E88BF6C323F340A60084435A /* CRAWLR.app */;
			productType = "com.apple.product-type.application";
		};
		E88BF6D823F340AA0084435A /* CRAWLRTests */ = {
			isa = PBXNativeTarget;
			buildConfigurationList = E88BF6F023F340AA0084435A /* Build configuration list for PBXNativeTarget "CRAWLRTests" */;
			buildPhases = (
				7A5AB972FC8D04A22975FA4C /* [CP] Check Pods Manifest.lock */,
				E88BF6D523F340AA0084435A /* Sources */,
				E88BF6D623F340AA0084435A /* Frameworks */,
				E88BF6D723F340AA0084435A /* Resources */,
				9880871B13C9D81966E135BB /* [CP] Embed Pods Frameworks */,
			);
			buildRules = (
			);
			dependencies = (
				E88BF6DB23F340AA0084435A /* PBXTargetDependency */,
			);
			name = CRAWLRTests;
			productName = CRAWLRTests;
			productReference = E88BF6D923F340AA0084435A /* CRAWLRTests.xctest */;
			productType = "com.apple.product-type.bundle.unit-test";
		};
		E88BF6E323F340AA0084435A /* CRAWLRUITests */ = {
			isa = PBXNativeTarget;
			buildConfigurationList = E88BF6F323F340AA0084435A /* Build configuration list for PBXNativeTarget "CRAWLRUITests" */;
			buildPhases = (
				E88BF6E023F340AA0084435A /* Sources */,
				E88BF6E123F340AA0084435A /* Frameworks */,
				E88BF6E223F340AA0084435A /* Resources */,
			);
			buildRules = (
			);
			dependencies = (
				E88BF6E623F340AA0084435A /* PBXTargetDependency */,
			);
			name = CRAWLRUITests;
			productName = CRAWLRUITests;
			productReference = E88BF6E423F340AA0084435A /* CRAWLRUITests.xctest */;
			productType = "com.apple.product-type.bundle.ui-testing";
		};
/* End PBXNativeTarget section */

/* Begin PBXProject section */
		E88BF6BB23F340A60084435A /* Project object */ = {
			isa = PBXProject;
			attributes = {
				LastSwiftUpdateCheck = 1130;
				LastUpgradeCheck = 1130;
				ORGANIZATIONNAME = "Wesley Swanson";
				TargetAttributes = {
					E88BF6C223F340A60084435A = {
						CreatedOnToolsVersion = 11.3.1;
					};
					E88BF6D823F340AA0084435A = {
						CreatedOnToolsVersion = 11.3.1;
						TestTargetID = E88BF6C223F340A60084435A;
					};
					E88BF6E323F340AA0084435A = {
						CreatedOnToolsVersion = 11.3.1;
						TestTargetID = E88BF6C223F340A60084435A;
					};
				};
			};
			buildConfigurationList = E88BF6BE23F340A60084435A /* Build configuration list for PBXProject "CRAWLR" */;
			compatibilityVersion = "Xcode 9.3";
			developmentRegion = en;
			hasScannedForEncodings = 0;
			knownRegions = (
				en,
				Base,
			);
			mainGroup = E88BF6BA23F340A60084435A;
			productRefGroup = E88BF6C423F340A60084435A /* Products */;
			projectDirPath = "";
			projectRoot = "";
			targets = (
				E88BF6C223F340A60084435A /* CRAWLR */,
				E88BF6D823F340AA0084435A /* CRAWLRTests */,
				E88BF6E323F340AA0084435A /* CRAWLRUITests */,
			);
		};
/* End PBXProject section */

/* Begin PBXResourcesBuildPhase section */
		E88BF6C123F340A60084435A /* Resources */ = {
			isa = PBXResourcesBuildPhase;
			buildActionMask = 2147483647;
			files = (
				E88BF6F723F348A40084435A /* Main.storyboard in Resources */,
				59AC50A224063906007F0C9C /* GoogleService-Info.plist in Resources */,
				E88BF6D323F340A90084435A /* LaunchScreen.storyboard in Resources */,
				E88BF6D023F340A90084435A /* Assets.xcassets in Resources */,
			);
			runOnlyForDeploymentPostprocessing = 0;
		};
		E88BF6D723F340AA0084435A /* Resources */ = {
			isa = PBXResourcesBuildPhase;
			buildActionMask = 2147483647;
			files = (
			);
			runOnlyForDeploymentPostprocessing = 0;
		};
		E88BF6E223F340AA0084435A /* Resources */ = {
			isa = PBXResourcesBuildPhase;
			buildActionMask = 2147483647;
			files = (
			);
			runOnlyForDeploymentPostprocessing = 0;
		};
/* End PBXResourcesBuildPhase section */

/* Begin PBXShellScriptBuildPhase section */
		191D7C57EB3F5AF01D461914 /* [CP] Check Pods Manifest.lock */ = {
			isa = PBXShellScriptBuildPhase;
			buildActionMask = 2147483647;
			files = (
			);
			inputFileListPaths = (
			);
			inputPaths = (
				"${PODS_PODFILE_DIR_PATH}/Podfile.lock",
				"${PODS_ROOT}/Manifest.lock",
			);
			name = "[CP] Check Pods Manifest.lock";
			outputFileListPaths = (
			);
			outputPaths = (
				"$(DERIVED_FILE_DIR)/Pods-CRAWLR-checkManifestLockResult.txt",
			);
			runOnlyForDeploymentPostprocessing = 0;
			shellPath = /bin/sh;
			shellScript = "diff \"${PODS_PODFILE_DIR_PATH}/Podfile.lock\" \"${PODS_ROOT}/Manifest.lock\" > /dev/null\nif [ $? != 0 ] ; then\n    # print error to STDERR\n    echo \"error: The sandbox is not in sync with the Podfile.lock. Run 'pod install' or update your CocoaPods installation.\" >&2\n    exit 1\nfi\n# This output is used by Xcode 'outputs' to avoid re-running this script phase.\necho \"SUCCESS\" > \"${SCRIPT_OUTPUT_FILE_0}\"\n";
			showEnvVarsInLog = 0;
		};
		7A5AB972FC8D04A22975FA4C /* [CP] Check Pods Manifest.lock */ = {
			isa = PBXShellScriptBuildPhase;
			buildActionMask = 2147483647;
			files = (
			);
			inputFileListPaths = (
			);
			inputPaths = (
				"${PODS_PODFILE_DIR_PATH}/Podfile.lock",
				"${PODS_ROOT}/Manifest.lock",
			);
			name = "[CP] Check Pods Manifest.lock";
			outputFileListPaths = (
			);
			outputPaths = (
				"$(DERIVED_FILE_DIR)/Pods-CRAWLRTests-checkManifestLockResult.txt",
			);
			runOnlyForDeploymentPostprocessing = 0;
			shellPath = /bin/sh;
			shellScript = "diff \"${PODS_PODFILE_DIR_PATH}/Podfile.lock\" \"${PODS_ROOT}/Manifest.lock\" > /dev/null\nif [ $? != 0 ] ; then\n    # print error to STDERR\n    echo \"error: The sandbox is not in sync with the Podfile.lock. Run 'pod install' or update your CocoaPods installation.\" >&2\n    exit 1\nfi\n# This output is used by Xcode 'outputs' to avoid re-running this script phase.\necho \"SUCCESS\" > \"${SCRIPT_OUTPUT_FILE_0}\"\n";
			showEnvVarsInLog = 0;
		};
		9866E0ED44DCE9A2D3590EC9 /* [CP] Embed Pods Frameworks */ = {
			isa = PBXShellScriptBuildPhase;
			buildActionMask = 2147483647;
			files = (
			);
			inputFileListPaths = (
				"${PODS_ROOT}/Target Support Files/Pods-CRAWLR/Pods-CRAWLR-frameworks-${CONFIGURATION}-input-files.xcfilelist",
			);
			name = "[CP] Embed Pods Frameworks";
			outputFileListPaths = (
				"${PODS_ROOT}/Target Support Files/Pods-CRAWLR/Pods-CRAWLR-frameworks-${CONFIGURATION}-output-files.xcfilelist",
			);
			runOnlyForDeploymentPostprocessing = 0;
			shellPath = /bin/sh;
			shellScript = "\"${PODS_ROOT}/Target Support Files/Pods-CRAWLR/Pods-CRAWLR-frameworks.sh\"\n";
			showEnvVarsInLog = 0;
		};
		9880871B13C9D81966E135BB /* [CP] Embed Pods Frameworks */ = {
			isa = PBXShellScriptBuildPhase;
			buildActionMask = 2147483647;
			files = (
			);
			inputFileListPaths = (
				"${PODS_ROOT}/Target Support Files/Pods-CRAWLRTests/Pods-CRAWLRTests-frameworks-${CONFIGURATION}-input-files.xcfilelist",
			);
			name = "[CP] Embed Pods Frameworks";
			outputFileListPaths = (
				"${PODS_ROOT}/Target Support Files/Pods-CRAWLRTests/Pods-CRAWLRTests-frameworks-${CONFIGURATION}-output-files.xcfilelist",
			);
			runOnlyForDeploymentPostprocessing = 0;
			shellPath = /bin/sh;
			shellScript = "\"${PODS_ROOT}/Target Support Files/Pods-CRAWLRTests/Pods-CRAWLRTests-frameworks.sh\"\n";
			showEnvVarsInLog = 0;
		};
/* End PBXShellScriptBuildPhase section */

/* Begin PBXSourcesBuildPhase section */
		E88BF6BF23F340A60084435A /* Sources */ = {
			isa = PBXSourcesBuildPhase;
			buildActionMask = 2147483647;
			files = (
				59A9F42E244F711900FC10C4 /* DrinkingHistoryViewController.swift in Sources */,
				59A9F42C244D22D100FC10C4 /* EstimatedBACViewController.swift in Sources */,
				59A9F430244F77E900FC10C4 /* DayCell.swift in Sources */,
				59A9F432244F956E00FC10C4 /* DrinkCell.swift in Sources */,
				59266FA624526669003640B2 /* SearchCell.swift in Sources */,
				59266FAA245375AB003640B2 /* DetailedBusinessInfoViewController.swift in Sources */,
				59266FA824536603003640B2 /* CustomNavController.swift in Sources */,
				E84257C32451812D0071D865 /* SessionManager+CrawlrCustom.swift in Sources */,
				E84257C5245181700071D865 /* Encodable+CrawlrCustom.swift in Sources */,
				E88BF6F923F34D400084435A /* LoginViewController.swift in Sources */,
				E4EB0450240860110096B39A /* DashboardViewController.swift in Sources */,
				59A9F43424515EE900FC10C4 /* SearchViewController.swift in Sources */,
				E88BF6CB23F340A60084435A /* ViewController.swift in Sources */,
				E874CE9F245148B80026C4A6 /* ApiModels.swift in Sources */,
				E88BF6C723F340A60084435A /* AppDelegate.swift in Sources */,
				E874CE9D245145D00026C4A6 /* ApiHelper.swift in Sources */,
				E88BF6C923F340A60084435A /* SceneDelegate.swift in Sources */,
				E874CEA1245151570026C4A6 /* ApiResponses.swift in Sources */,
				5935107C23F613BA001761B8 /* SignUp2ViewController.swift in Sources */,
				59E7A3CE23F4AC8E00B42135 /* SignUpViewController.swift in Sources */,
				E874CEA3245161B10026C4A6 /* DataResponse+CrawlrCustom.swift in Sources */,
			);
			runOnlyForDeploymentPostprocessing = 0;
		};
		E88BF6D523F340AA0084435A /* Sources */ = {
			isa = PBXSourcesBuildPhase;
			buildActionMask = 2147483647;
			files = (
				E88BF6DE23F340AA0084435A /* CRAWLRTests.swift in Sources */,
			);
			runOnlyForDeploymentPostprocessing = 0;
		};
		E88BF6E023F340AA0084435A /* Sources */ = {
			isa = PBXSourcesBuildPhase;
			buildActionMask = 2147483647;
			files = (
				E88BF6E923F340AA0084435A /* CRAWLRUITests.swift in Sources */,
			);
			runOnlyForDeploymentPostprocessing = 0;
		};
/* End PBXSourcesBuildPhase section */

/* Begin PBXTargetDependency section */
		E88BF6DB23F340AA0084435A /* PBXTargetDependency */ = {
			isa = PBXTargetDependency;
			target = E88BF6C223F340A60084435A /* CRAWLR */;
			targetProxy = E88BF6DA23F340AA0084435A /* PBXContainerItemProxy */;
		};
		E88BF6E623F340AA0084435A /* PBXTargetDependency */ = {
			isa = PBXTargetDependency;
			target = E88BF6C223F340A60084435A /* CRAWLR */;
			targetProxy = E88BF6E523F340AA0084435A /* PBXContainerItemProxy */;
		};
/* End PBXTargetDependency section */

/* Begin PBXVariantGroup section */
		E88BF6D123F340A90084435A /* LaunchScreen.storyboard */ = {
			isa = PBXVariantGroup;
			children = (
				E88BF6D223F340A90084435A /* Base */,
			);
			name = LaunchScreen.storyboard;
			sourceTree = "<group>";
		};
/* End PBXVariantGroup section */

/* Begin XCBuildConfiguration section */
		E88BF6EB23F340AA0084435A /* Debug */ = {
			isa = XCBuildConfiguration;
			buildSettings = {
				ALWAYS_SEARCH_USER_PATHS = NO;
				CLANG_ANALYZER_NONNULL = YES;
				CLANG_ANALYZER_NUMBER_OBJECT_CONVERSION = YES_AGGRESSIVE;
				CLANG_CXX_LANGUAGE_STANDARD = "gnu++14";
				CLANG_CXX_LIBRARY = "libc++";
				CLANG_ENABLE_MODULES = YES;
				CLANG_ENABLE_OBJC_ARC = YES;
				CLANG_ENABLE_OBJC_WEAK = YES;
				CLANG_WARN_BLOCK_CAPTURE_AUTORELEASING = YES;
				CLANG_WARN_BOOL_CONVERSION = YES;
				CLANG_WARN_COMMA = YES;
				CLANG_WARN_CONSTANT_CONVERSION = YES;
				CLANG_WARN_DEPRECATED_OBJC_IMPLEMENTATIONS = YES;
				CLANG_WARN_DIRECT_OBJC_ISA_USAGE = YES_ERROR;
				CLANG_WARN_DOCUMENTATION_COMMENTS = YES;
				CLANG_WARN_EMPTY_BODY = YES;
				CLANG_WARN_ENUM_CONVERSION = YES;
				CLANG_WARN_INFINITE_RECURSION = YES;
				CLANG_WARN_INT_CONVERSION = YES;
				CLANG_WARN_NON_LITERAL_NULL_CONVERSION = YES;
				CLANG_WARN_OBJC_IMPLICIT_RETAIN_SELF = YES;
				CLANG_WARN_OBJC_LITERAL_CONVERSION = YES;
				CLANG_WARN_OBJC_ROOT_CLASS = YES_ERROR;
				CLANG_WARN_RANGE_LOOP_ANALYSIS = YES;
				CLANG_WARN_STRICT_PROTOTYPES = YES;
				CLANG_WARN_SUSPICIOUS_MOVE = YES;
				CLANG_WARN_UNGUARDED_AVAILABILITY = YES_AGGRESSIVE;
				CLANG_WARN_UNREACHABLE_CODE = YES;
				CLANG_WARN__DUPLICATE_METHOD_MATCH = YES;
				COPY_PHASE_STRIP = NO;
				DEBUG_INFORMATION_FORMAT = dwarf;
				ENABLE_STRICT_OBJC_MSGSEND = YES;
				ENABLE_TESTABILITY = YES;
				GCC_C_LANGUAGE_STANDARD = gnu11;
				GCC_DYNAMIC_NO_PIC = NO;
				GCC_NO_COMMON_BLOCKS = YES;
				GCC_OPTIMIZATION_LEVEL = 0;
				GCC_PREPROCESSOR_DEFINITIONS = (
					"DEBUG=1",
					"$(inherited)",
				);
				GCC_WARN_64_TO_32_BIT_CONVERSION = YES;
				GCC_WARN_ABOUT_RETURN_TYPE = YES_ERROR;
				GCC_WARN_UNDECLARED_SELECTOR = YES;
				GCC_WARN_UNINITIALIZED_AUTOS = YES_AGGRESSIVE;
				GCC_WARN_UNUSED_FUNCTION = YES;
				GCC_WARN_UNUSED_VARIABLE = YES;
				IPHONEOS_DEPLOYMENT_TARGET = 13.2;
				MTL_ENABLE_DEBUG_INFO = INCLUDE_SOURCE;
				MTL_FAST_MATH = YES;
				ONLY_ACTIVE_ARCH = YES;
				SDKROOT = iphoneos;
				SWIFT_ACTIVE_COMPILATION_CONDITIONS = DEBUG;
				SWIFT_OPTIMIZATION_LEVEL = "-Onone";
			};
			name = Debug;
		};
		E88BF6EC23F340AA0084435A /* Release */ = {
			isa = XCBuildConfiguration;
			buildSettings = {
				ALWAYS_SEARCH_USER_PATHS = NO;
				CLANG_ANALYZER_NONNULL = YES;
				CLANG_ANALYZER_NUMBER_OBJECT_CONVERSION = YES_AGGRESSIVE;
				CLANG_CXX_LANGUAGE_STANDARD = "gnu++14";
				CLANG_CXX_LIBRARY = "libc++";
				CLANG_ENABLE_MODULES = YES;
				CLANG_ENABLE_OBJC_ARC = YES;
				CLANG_ENABLE_OBJC_WEAK = YES;
				CLANG_WARN_BLOCK_CAPTURE_AUTORELEASING = YES;
				CLANG_WARN_BOOL_CONVERSION = YES;
				CLANG_WARN_COMMA = YES;
				CLANG_WARN_CONSTANT_CONVERSION = YES;
				CLANG_WARN_DEPRECATED_OBJC_IMPLEMENTATIONS = YES;
				CLANG_WARN_DIRECT_OBJC_ISA_USAGE = YES_ERROR;
				CLANG_WARN_DOCUMENTATION_COMMENTS = YES;
				CLANG_WARN_EMPTY_BODY = YES;
				CLANG_WARN_ENUM_CONVERSION = YES;
				CLANG_WARN_INFINITE_RECURSION = YES;
				CLANG_WARN_INT_CONVERSION = YES;
				CLANG_WARN_NON_LITERAL_NULL_CONVERSION = YES;
				CLANG_WARN_OBJC_IMPLICIT_RETAIN_SELF = YES;
				CLANG_WARN_OBJC_LITERAL_CONVERSION = YES;
				CLANG_WARN_OBJC_ROOT_CLASS = YES_ERROR;
				CLANG_WARN_RANGE_LOOP_ANALYSIS = YES;
				CLANG_WARN_STRICT_PROTOTYPES = YES;
				CLANG_WARN_SUSPICIOUS_MOVE = YES;
				CLANG_WARN_UNGUARDED_AVAILABILITY = YES_AGGRESSIVE;
				CLANG_WARN_UNREACHABLE_CODE = YES;
				CLANG_WARN__DUPLICATE_METHOD_MATCH = YES;
				COPY_PHASE_STRIP = NO;
				DEBUG_INFORMATION_FORMAT = "dwarf-with-dsym";
				ENABLE_NS_ASSERTIONS = NO;
				ENABLE_STRICT_OBJC_MSGSEND = YES;
				GCC_C_LANGUAGE_STANDARD = gnu11;
				GCC_NO_COMMON_BLOCKS = YES;
				GCC_WARN_64_TO_32_BIT_CONVERSION = YES;
				GCC_WARN_ABOUT_RETURN_TYPE = YES_ERROR;
				GCC_WARN_UNDECLARED_SELECTOR = YES;
				GCC_WARN_UNINITIALIZED_AUTOS = YES_AGGRESSIVE;
				GCC_WARN_UNUSED_FUNCTION = YES;
				GCC_WARN_UNUSED_VARIABLE = YES;
				IPHONEOS_DEPLOYMENT_TARGET = 13.2;
				MTL_ENABLE_DEBUG_INFO = NO;
				MTL_FAST_MATH = YES;
				SDKROOT = iphoneos;
				SWIFT_COMPILATION_MODE = wholemodule;
				SWIFT_OPTIMIZATION_LEVEL = "-O";
				VALIDATE_PRODUCT = YES;
			};
			name = Release;
		};
		E88BF6EE23F340AA0084435A /* Debug */ = {
			isa = XCBuildConfiguration;
			baseConfigurationReference = 91E830F04BEE61E25A352280 /* Pods-CRAWLR.debug.xcconfig */;
			buildSettings = {
				ASSETCATALOG_COMPILER_APPICON_NAME = AppIcon;
				CODE_SIGN_STYLE = Automatic;
				INFOPLIST_FILE = CRAWLR/Info.plist;
				LD_RUNPATH_SEARCH_PATHS = (
					"$(inherited)",
					"@executable_path/Frameworks",
				);
				PRODUCT_BUNDLE_IDENTIFIER = crawlrs.CRAWLR;
				PRODUCT_NAME = "$(TARGET_NAME)";
				SWIFT_VERSION = 5.0;
				TARGETED_DEVICE_FAMILY = "1,2";
			};
			name = Debug;
		};
		E88BF6EF23F340AA0084435A /* Release */ = {
			isa = XCBuildConfiguration;
			baseConfigurationReference = 370CEEA9870DAB0C25B87EBC /* Pods-CRAWLR.release.xcconfig */;
			buildSettings = {
				ASSETCATALOG_COMPILER_APPICON_NAME = AppIcon;
				CODE_SIGN_STYLE = Automatic;
				INFOPLIST_FILE = CRAWLR/Info.plist;
				LD_RUNPATH_SEARCH_PATHS = (
					"$(inherited)",
					"@executable_path/Frameworks",
				);
				PRODUCT_BUNDLE_IDENTIFIER = crawlrs.CRAWLR;
				PRODUCT_NAME = "$(TARGET_NAME)";
				SWIFT_VERSION = 5.0;
				TARGETED_DEVICE_FAMILY = "1,2";
			};
			name = Release;
		};
		E88BF6F123F340AA0084435A /* Debug */ = {
			isa = XCBuildConfiguration;
			baseConfigurationReference = 4129C0C8FCB5B23D790983BF /* Pods-CRAWLRTests.debug.xcconfig */;
			buildSettings = {
				ALWAYS_EMBED_SWIFT_STANDARD_LIBRARIES = YES;
				BUNDLE_LOADER = "$(TEST_HOST)";
				CODE_SIGN_STYLE = Automatic;
				INFOPLIST_FILE = CRAWLRTests/Info.plist;
				IPHONEOS_DEPLOYMENT_TARGET = 13.2;
				LD_RUNPATH_SEARCH_PATHS = (
					"$(inherited)",
					"@executable_path/Frameworks",
					"@loader_path/Frameworks",
				);
				PRODUCT_BUNDLE_IDENTIFIER = crawlrs.CRAWLRTests;
				PRODUCT_NAME = "$(TARGET_NAME)";
				SWIFT_VERSION = 5.0;
				TARGETED_DEVICE_FAMILY = "1,2";
				TEST_HOST = "$(BUILT_PRODUCTS_DIR)/CRAWLR.app/CRAWLR";
			};
			name = Debug;
		};
		E88BF6F223F340AA0084435A /* Release */ = {
			isa = XCBuildConfiguration;
			baseConfigurationReference = ED1A7A48D626A393F7F196E5 /* Pods-CRAWLRTests.release.xcconfig */;
			buildSettings = {
				ALWAYS_EMBED_SWIFT_STANDARD_LIBRARIES = YES;
				BUNDLE_LOADER = "$(TEST_HOST)";
				CODE_SIGN_STYLE = Automatic;
				INFOPLIST_FILE = CRAWLRTests/Info.plist;
				IPHONEOS_DEPLOYMENT_TARGET = 13.2;
				LD_RUNPATH_SEARCH_PATHS = (
					"$(inherited)",
					"@executable_path/Frameworks",
					"@loader_path/Frameworks",
				);
				PRODUCT_BUNDLE_IDENTIFIER = crawlrs.CRAWLRTests;
				PRODUCT_NAME = "$(TARGET_NAME)";
				SWIFT_VERSION = 5.0;
				TARGETED_DEVICE_FAMILY = "1,2";
				TEST_HOST = "$(BUILT_PRODUCTS_DIR)/CRAWLR.app/CRAWLR";
			};
			name = Release;
		};
		E88BF6F423F340AA0084435A /* Debug */ = {
			isa = XCBuildConfiguration;
			buildSettings = {
				ALWAYS_EMBED_SWIFT_STANDARD_LIBRARIES = YES;
				CODE_SIGN_STYLE = Automatic;
				INFOPLIST_FILE = CRAWLRUITests/Info.plist;
				LD_RUNPATH_SEARCH_PATHS = (
					"$(inherited)",
					"@executable_path/Frameworks",
					"@loader_path/Frameworks",
				);
				PRODUCT_BUNDLE_IDENTIFIER = crawlrs.CRAWLRUITests;
				PRODUCT_NAME = "$(TARGET_NAME)";
				SWIFT_VERSION = 5.0;
				TARGETED_DEVICE_FAMILY = "1,2";
				TEST_TARGET_NAME = CRAWLR;
			};
			name = Debug;
		};
		E88BF6F523F340AA0084435A /* Release */ = {
			isa = XCBuildConfiguration;
			buildSettings = {
				ALWAYS_EMBED_SWIFT_STANDARD_LIBRARIES = YES;
				CODE_SIGN_STYLE = Automatic;
				INFOPLIST_FILE = CRAWLRUITests/Info.plist;
				LD_RUNPATH_SEARCH_PATHS = (
					"$(inherited)",
					"@executable_path/Frameworks",
					"@loader_path/Frameworks",
				);
				PRODUCT_BUNDLE_IDENTIFIER = crawlrs.CRAWLRUITests;
				PRODUCT_NAME = "$(TARGET_NAME)";
				SWIFT_VERSION = 5.0;
				TARGETED_DEVICE_FAMILY = "1,2";
				TEST_TARGET_NAME = CRAWLR;
			};
			name = Release;
		};
/* End XCBuildConfiguration section */

/* Begin XCConfigurationList section */
		E88BF6BE23F340A60084435A /* Build configuration list for PBXProject "CRAWLR" */ = {
			isa = XCConfigurationList;
			buildConfigurations = (
				E88BF6EB23F340AA0084435A /* Debug */,
				E88BF6EC23F340AA0084435A /* Release */,
			);
			defaultConfigurationIsVisible = 0;
			defaultConfigurationName = Release;
		};
		E88BF6ED23F340AA0084435A /* Build configuration list for PBXNativeTarget "CRAWLR" */ = {
			isa = XCConfigurationList;
			buildConfigurations = (
				E88BF6EE23F340AA0084435A /* Debug */,
				E88BF6EF23F340AA0084435A /* Release */,
			);
			defaultConfigurationIsVisible = 0;
			defaultConfigurationName = Release;
		};
		E88BF6F023F340AA0084435A /* Build configuration list for PBXNativeTarget "CRAWLRTests" */ = {
			isa = XCConfigurationList;
			buildConfigurations = (
				E88BF6F123F340AA0084435A /* Debug */,
				E88BF6F223F340AA0084435A /* Release */,
			);
			defaultConfigurationIsVisible = 0;
			defaultConfigurationName = Release;
		};
		E88BF6F323F340AA0084435A /* Build configuration list for PBXNativeTarget "CRAWLRUITests" */ = {
			isa = XCConfigurationList;
			buildConfigurations = (
				E88BF6F423F340AA0084435A /* Debug */,
				E88BF6F523F340AA0084435A /* Release */,
			);
			defaultConfigurationIsVisible = 0;
			defaultConfigurationName = Release;
		};
/* End XCConfigurationList section */
	};
	rootObject = E88BF6BB23F340A60084435A /* Project object */;
}
